
Microsoft Visual Studio Solution File, Format Version 12.00
# Visual Studio Version 17
VisualStudioVersion = 17.6.33829.357
MinimumVisualStudioVersion = 10.0.40219.1
Project("{8BC9CEB8-8B4A-11D0-8D11-00A0C91BC942}") = "Practica_2", "Practica_2\Practica_2.vcxproj", "{7C732936-65C9-4DFE-BE7B-895D530E4F2F}"
EndProject
Global
	GlobalSection(SolutionConfigurationPlatforms) = preSolution
		Debug|x64 = Debug|x64
		Debug|x86 = Debug|x86
		Release|x64 = Release|x64
		Release|x86 = Release|x86
	EndGlobalSection
	GlobalSection(ProjectConfigurationPlatforms) = postSolution
		{7C732936-65C9-4DFE-BE7B-895D530E4F2F}.Debug|x64.ActiveCfg = Debug|x64
		{7C732936-65C9-4DFE-BE7B-895D530E4F2F}.Debug|x64.Build.0 = Debug|x64
		{7C732936-65C9-4DFE-BE7B-895D530E4F2F}.Debug|x86.ActiveCfg = Debug|Win32
		{7C732936-65C9-4DFE-BE7B-895D530E4F2F}.Debug|x86.Build.0 = Debug|Win32
		{7C732936-65C9-4DFE-BE7B-895D530E4F2F}.Release|x64.ActiveCfg = Release|x64
		{7C732936-65C9-4DFE-BE7B-895D530E4F2F}.Release|x64.Build.0 = Release|x64
		{7C732936-65C9-4DFE-BE7B-895D530E4F2F}.Release|x86.ActiveCfg = Release|Win32
		{7C732936-65C9-4DFE-BE7B-895D530E4F2F}.Release|x86.Build.0 = Release|Win32
	EndGlobalSection
	GlobalSection(SolutionProperties) = preSolution
		HideSolutionNode = FALSE
	EndGlobalSection
	GlobalSection(ExtensibilityGlobals) = postSolution
		SolutionGuid = {B294D0F2-F96C-40A4-96ED-0C1E15CAD6FE}
	EndGlobalSection
EndGlobal
